// !$*UTF8*$!
{
	archiveVersion = 1;
	classes = {
	};
	objectVersion = 46;
	objects = {

/* Begin PBXBuildFile section */
		3718D6E81D7EC5B800DC0041 /* Articles.plist in Resources */ = {isa = PBXBuildFile; fileRef = 3718D6E71D7EC5B800DC0041 /* Articles.plist */; };
		3718D6F11D7EC7D300DC0041 /* Articles.plist in Resources */ = {isa = PBXBuildFile; fileRef = 3718D6E71D7EC5B800DC0041 /* Articles.plist */; };
		3718D6F51D7EF40600DC0041 /* Dash.swift in Sources */ = {isa = PBXBuildFile; fileRef = 3718D6F41D7EF40600DC0041 /* Dash.swift */; };
		373F34DB1D80286600A4E9EA /* Icons.xcassets in Resources */ = {isa = PBXBuildFile; fileRef = 373F34DA1D80286600A4E9EA /* Icons.xcassets */; };
		376737161D7F17FD003C26A8 /* PlayerView.swift in Sources */ = {isa = PBXBuildFile; fileRef = 376737151D7F17FD003C26A8 /* PlayerView.swift */; };
		376737181D7F1829003C26A8 /* PlayerViewLayout.swift in Sources */ = {isa = PBXBuildFile; fileRef = 376737171D7F1829003C26A8 /* PlayerViewLayout.swift */; };
		377AE70E1D7DD39500522AA7 /* Dash.framework in Frameworks */ = {isa = PBXBuildFile; fileRef = 377AE7041D7DD39500522AA7 /* Dash.framework */; };
		377AE7131D7DD39500522AA7 /* DashTests.swift in Sources */ = {isa = PBXBuildFile; fileRef = 377AE7121D7DD39500522AA7 /* DashTests.swift */; };
		377AE7151D7DD39500522AA7 /* Dash.h in Headers */ = {isa = PBXBuildFile; fileRef = 377AE7071D7DD39500522AA7 /* Dash.h */; settings = {ATTRIBUTES = (Public, ); }; };
		37BF463D1D8153DE00AE35DD /* Player.swift in Sources */ = {isa = PBXBuildFile; fileRef = 37BF463C1D8153DE00AE35DD /* Player.swift */; };
		37BF463F1D81540500AE35DD /* PlayerEngine.swift in Sources */ = {isa = PBXBuildFile; fileRef = 37BF463E1D81540500AE35DD /* PlayerEngine.swift */; };
		37BF46411D81542A00AE35DD /* PlayerState.swift in Sources */ = {isa = PBXBuildFile; fileRef = 37BF46401D81542A00AE35DD /* PlayerState.swift */; };
		37BF46431D81545A00AE35DD /* PlayerTheme.swift in Sources */ = {isa = PBXBuildFile; fileRef = 37BF46421D81545A00AE35DD /* PlayerTheme.swift */; };
		37BF46481D81713C00AE35DD /* Analytics.swift in Sources */ = {isa = PBXBuildFile; fileRef = 37BF46471D81713C00AE35DD /* Analytics.swift */; };
		37BF46491D81719600AE35DD /* PlayerThemeTests.swift in Sources */ = {isa = PBXBuildFile; fileRef = 37BF46451D816A6400AE35DD /* PlayerThemeTests.swift */; };
		37BF46511D8180C500AE35DD /* OptionsListView.swift in Sources */ = {isa = PBXBuildFile; fileRef = 37BF464D1D817D2700AE35DD /* OptionsListView.swift */; };
		37BF46521D8180C900AE35DD /* ArticleDetailView.swift in Sources */ = {isa = PBXBuildFile; fileRef = 3718D6EB1D7EC62F00DC0041 /* ArticleDetailView.swift */; };
		37BF46531D8180CC00AE35DD /* ArticleListView.swift in Sources */ = {isa = PBXBuildFile; fileRef = 3718D6ED1D7EC64500DC0041 /* ArticleListView.swift */; };
		37BF46541D8180D000AE35DD /* Article.swift in Sources */ = {isa = PBXBuildFile; fileRef = 3718D6F21D7EC84300DC0041 /* Article.swift */; };
		37FFA1AD1D7EB82B0076B082 /* AppDelegate.swift in Sources */ = {isa = PBXBuildFile; fileRef = 37FFA1AC1D7EB82B0076B082 /* AppDelegate.swift */; };
		37FFA1B21D7EB82B0076B082 /* Main.storyboard in Resources */ = {isa = PBXBuildFile; fileRef = 37FFA1B01D7EB82B0076B082 /* Main.storyboard */; };
		37FFA1B41D7EB82B0076B082 /* Assets.xcassets in Resources */ = {isa = PBXBuildFile; fileRef = 37FFA1B31D7EB82B0076B082 /* Assets.xcassets */; };
		37FFA1B71D7EB82B0076B082 /* LaunchScreen.storyboard in Resources */ = {isa = PBXBuildFile; fileRef = 37FFA1B51D7EB82B0076B082 /* LaunchScreen.storyboard */; };
		37FFA1C11D7EB9680076B082 /* Dash.framework in Frameworks */ = {isa = PBXBuildFile; fileRef = 377AE7041D7DD39500522AA7 /* Dash.framework */; };
/* End PBXBuildFile section */

/* Begin PBXContainerItemProxy section */
		377AE70F1D7DD39500522AA7 /* PBXContainerItemProxy */ = {
			isa = PBXContainerItemProxy;
			containerPortal = 377AE6FB1D7DD39500522AA7 /* Project object */;
			proxyType = 1;
			remoteGlobalIDString = 377AE7031D7DD39500522AA7;
			remoteInfo = Dash;
		};
		37FFA1BF1D7EB92D0076B082 /* PBXContainerItemProxy */ = {
			isa = PBXContainerItemProxy;
			containerPortal = 377AE6FB1D7DD39500522AA7 /* Project object */;
			proxyType = 1;
			remoteGlobalIDString = 377AE7031D7DD39500522AA7;
			remoteInfo = Dash;
		};
/* End PBXContainerItemProxy section */

/* Begin PBXFileReference section */
		3718D6E71D7EC5B800DC0041 /* Articles.plist */ = {isa = PBXFileReference; fileEncoding = 4; lastKnownFileType = text.plist.xml; path = Articles.plist; sourceTree = "<group>"; };
		3718D6EB1D7EC62F00DC0041 /* ArticleDetailView.swift */ = {isa = PBXFileReference; fileEncoding = 4; lastKnownFileType = sourcecode.swift; path = ArticleDetailView.swift; sourceTree = "<group>"; };
		3718D6ED1D7EC64500DC0041 /* ArticleListView.swift */ = {isa = PBXFileReference; fileEncoding = 4; lastKnownFileType = sourcecode.swift; path = ArticleListView.swift; sourceTree = "<group>"; };
		3718D6F21D7EC84300DC0041 /* Article.swift */ = {isa = PBXFileReference; fileEncoding = 4; lastKnownFileType = sourcecode.swift; path = Article.swift; sourceTree = "<group>"; };
		3718D6F41D7EF40600DC0041 /* Dash.swift */ = {isa = PBXFileReference; fileEncoding = 4; lastKnownFileType = sourcecode.swift; path = Dash.swift; sourceTree = "<group>"; };
		373F34DA1D80286600A4E9EA /* Icons.xcassets */ = {isa = PBXFileReference; lastKnownFileType = folder.assetcatalog; path = Icons.xcassets; sourceTree = "<group>"; };
		376737151D7F17FD003C26A8 /* PlayerView.swift */ = {isa = PBXFileReference; fileEncoding = 4; lastKnownFileType = sourcecode.swift; path = PlayerView.swift; sourceTree = "<group>"; };
		376737171D7F1829003C26A8 /* PlayerViewLayout.swift */ = {isa = PBXFileReference; fileEncoding = 4; lastKnownFileType = sourcecode.swift; path = PlayerViewLayout.swift; sourceTree = "<group>"; };
		377AE7041D7DD39500522AA7 /* Dash.framework */ = {isa = PBXFileReference; explicitFileType = wrapper.framework; includeInIndex = 0; path = Dash.framework; sourceTree = BUILT_PRODUCTS_DIR; };
		377AE7071D7DD39500522AA7 /* Dash.h */ = {isa = PBXFileReference; lastKnownFileType = sourcecode.c.h; path = Dash.h; sourceTree = "<group>"; };
		377AE7081D7DD39500522AA7 /* Info.plist */ = {isa = PBXFileReference; lastKnownFileType = text.plist.xml; path = Info.plist; sourceTree = "<group>"; };
		377AE70D1D7DD39500522AA7 /* DashTests.xctest */ = {isa = PBXFileReference; explicitFileType = wrapper.cfbundle; includeInIndex = 0; path = DashTests.xctest; sourceTree = BUILT_PRODUCTS_DIR; };
		377AE7121D7DD39500522AA7 /* DashTests.swift */ = {isa = PBXFileReference; lastKnownFileType = sourcecode.swift; path = DashTests.swift; sourceTree = "<group>"; };
		377AE7141D7DD39500522AA7 /* Info.plist */ = {isa = PBXFileReference; lastKnownFileType = text.plist.xml; path = Info.plist; sourceTree = "<group>"; };
		37BF463C1D8153DE00AE35DD /* Player.swift */ = {isa = PBXFileReference; fileEncoding = 4; lastKnownFileType = sourcecode.swift; path = Player.swift; sourceTree = "<group>"; };
		37BF463E1D81540500AE35DD /* PlayerEngine.swift */ = {isa = PBXFileReference; fileEncoding = 4; lastKnownFileType = sourcecode.swift; path = PlayerEngine.swift; sourceTree = "<group>"; };
		37BF46401D81542A00AE35DD /* PlayerState.swift */ = {isa = PBXFileReference; fileEncoding = 4; lastKnownFileType = sourcecode.swift; path = PlayerState.swift; sourceTree = "<group>"; };
		37BF46421D81545A00AE35DD /* PlayerTheme.swift */ = {isa = PBXFileReference; fileEncoding = 4; lastKnownFileType = sourcecode.swift; path = PlayerTheme.swift; sourceTree = "<group>"; };
		37BF46441D81671800AE35DD /* README.md */ = {isa = PBXFileReference; lastKnownFileType = net.daringfireball.markdown; path = README.md; sourceTree = SOURCE_ROOT; };
		37BF46451D816A6400AE35DD /* PlayerThemeTests.swift */ = {isa = PBXFileReference; fileEncoding = 4; lastKnownFileType = sourcecode.swift; path = PlayerThemeTests.swift; sourceTree = "<group>"; };
		37BF46471D81713C00AE35DD /* Analytics.swift */ = {isa = PBXFileReference; fileEncoding = 4; lastKnownFileType = sourcecode.swift; path = Analytics.swift; sourceTree = "<group>"; };
		37BF464D1D817D2700AE35DD /* OptionsListView.swift */ = {isa = PBXFileReference; fileEncoding = 4; lastKnownFileType = sourcecode.swift; path = OptionsListView.swift; sourceTree = "<group>"; };
		37FFA1AA1D7EB82B0076B082 /* DashExample.app */ = {isa = PBXFileReference; explicitFileType = wrapper.application; includeInIndex = 0; path = DashExample.app; sourceTree = BUILT_PRODUCTS_DIR; };
		37FFA1AC1D7EB82B0076B082 /* AppDelegate.swift */ = {isa = PBXFileReference; lastKnownFileType = sourcecode.swift; path = AppDelegate.swift; sourceTree = "<group>"; };
		37FFA1B11D7EB82B0076B082 /* Base */ = {isa = PBXFileReference; lastKnownFileType = file.storyboard; name = Base; path = Base.lproj/Main.storyboard; sourceTree = "<group>"; };
		37FFA1B31D7EB82B0076B082 /* Assets.xcassets */ = {isa = PBXFileReference; lastKnownFileType = folder.assetcatalog; path = Assets.xcassets; sourceTree = "<group>"; };
		37FFA1B61D7EB82B0076B082 /* Base */ = {isa = PBXFileReference; lastKnownFileType = file.storyboard; name = Base; path = Base.lproj/LaunchScreen.storyboard; sourceTree = "<group>"; };
		37FFA1B81D7EB82B0076B082 /* Info.plist */ = {isa = PBXFileReference; lastKnownFileType = text.plist.xml; path = Info.plist; sourceTree = "<group>"; };
/* End PBXFileReference section */

/* Begin PBXFrameworksBuildPhase section */
		377AE7001D7DD39500522AA7 /* Frameworks */ = {
			isa = PBXFrameworksBuildPhase;
			buildActionMask = 2147483647;
			files = (
			);
			runOnlyForDeploymentPostprocessing = 0;
		};
		377AE70A1D7DD39500522AA7 /* Frameworks */ = {
			isa = PBXFrameworksBuildPhase;
			buildActionMask = 2147483647;
			files = (
				377AE70E1D7DD39500522AA7 /* Dash.framework in Frameworks */,
			);
			runOnlyForDeploymentPostprocessing = 0;
		};
		37FFA1A71D7EB82B0076B082 /* Frameworks */ = {
			isa = PBXFrameworksBuildPhase;
			buildActionMask = 2147483647;
			files = (
				37FFA1C11D7EB9680076B082 /* Dash.framework in Frameworks */,
			);
			runOnlyForDeploymentPostprocessing = 0;
		};
/* End PBXFrameworksBuildPhase section */

/* Begin PBXGroup section */
		376737141D7F17E5003C26A8 /* Player */ = {
			isa = PBXGroup;
			children = (
				37BF463C1D8153DE00AE35DD /* Player.swift */,
				37BF46401D81542A00AE35DD /* PlayerState.swift */,
				37BF46421D81545A00AE35DD /* PlayerTheme.swift */,
				37BF464C1D81760300AE35DD /* Engine */,
				37BF464B1D8175FA00AE35DD /* View */,
			);
			name = Player;
			sourceTree = "<group>";
		};
		377AE6FA1D7DD39500522AA7 = {
			isa = PBXGroup;
			children = (
				377AE7061D7DD39500522AA7 /* Dash */,
				377AE7111D7DD39500522AA7 /* DashTests */,
				37FFA1AB1D7EB82B0076B082 /* DashExample */,
				377AE7051D7DD39500522AA7 /* Products */,
			);
			sourceTree = "<group>";
		};
		377AE7051D7DD39500522AA7 /* Products */ = {
			isa = PBXGroup;
			children = (
				377AE7041D7DD39500522AA7 /* Dash.framework */,
				377AE70D1D7DD39500522AA7 /* DashTests.xctest */,
				37FFA1AA1D7EB82B0076B082 /* DashExample.app */,
			);
			name = Products;
			sourceTree = "<group>";
		};
		377AE7061D7DD39500522AA7 /* Dash */ = {
			isa = PBXGroup;
			children = (
				37BF46441D81671800AE35DD /* README.md */,
				377AE7071D7DD39500522AA7 /* Dash.h */,
				377AE7081D7DD39500522AA7 /* Info.plist */,
				373F34DA1D80286600A4E9EA /* Icons.xcassets */,
				3718D6F41D7EF40600DC0041 /* Dash.swift */,
				376737141D7F17E5003C26A8 /* Player */,
				37BF464A1D8175EC00AE35DD /* Analytics */,
			);
			name = Dash;
			path = Source;
			sourceTree = "<group>";
		};
		377AE7111D7DD39500522AA7 /* DashTests */ = {
			isa = PBXGroup;
			children = (
				377AE7121D7DD39500522AA7 /* DashTests.swift */,
				37BF46451D816A6400AE35DD /* PlayerThemeTests.swift */,
				377AE7141D7DD39500522AA7 /* Info.plist */,
			);
			name = DashTests;
			path = Tests;
			sourceTree = "<group>";
		};
		37BF464A1D8175EC00AE35DD /* Analytics */ = {
			isa = PBXGroup;
			children = (
				37BF46471D81713C00AE35DD /* Analytics.swift */,
			);
			name = Analytics;
			sourceTree = "<group>";
		};
		37BF464B1D8175FA00AE35DD /* View */ = {
			isa = PBXGroup;
			children = (
				376737151D7F17FD003C26A8 /* PlayerView.swift */,
				376737171D7F1829003C26A8 /* PlayerViewLayout.swift */,
			);
			name = View;
			sourceTree = "<group>";
		};
		37BF464C1D81760300AE35DD /* Engine */ = {
			isa = PBXGroup;
			children = (
				37BF463E1D81540500AE35DD /* PlayerEngine.swift */,
			);
			name = Engine;
			sourceTree = "<group>";
		};
		37BF464F1D817D2A00AE35DD /* Articles */ = {
			isa = PBXGroup;
			children = (
				3718D6F21D7EC84300DC0041 /* Article.swift */,
				3718D6ED1D7EC64500DC0041 /* ArticleListView.swift */,
				3718D6EB1D7EC62F00DC0041 /* ArticleDetailView.swift */,
			);
			name = Articles;
			sourceTree = "<group>";
		};
		37BF46501D817D2F00AE35DD /* Options */ = {
			isa = PBXGroup;
			children = (
				37BF464D1D817D2700AE35DD /* OptionsListView.swift */,
			);
			name = Options;
			sourceTree = "<group>";
		};
		37FFA1AB1D7EB82B0076B082 /* DashExample */ = {
			isa = PBXGroup;
			children = (
				37FFA1AC1D7EB82B0076B082 /* AppDelegate.swift */,
				37BF464F1D817D2A00AE35DD /* Articles */,
				37BF46501D817D2F00AE35DD /* Options */,
				37FFA1B01D7EB82B0076B082 /* Main.storyboard */,
				37FFA1B31D7EB82B0076B082 /* Assets.xcassets */,
				37FFA1B51D7EB82B0076B082 /* LaunchScreen.storyboard */,
				37FFA1B81D7EB82B0076B082 /* Info.plist */,
				3718D6E71D7EC5B800DC0041 /* Articles.plist */,
			);
			name = DashExample;
			path = Example;
			sourceTree = "<group>";
		};
/* End PBXGroup section */

/* Begin PBXHeadersBuildPhase section */
		377AE7011D7DD39500522AA7 /* Headers */ = {
			isa = PBXHeadersBuildPhase;
			buildActionMask = 2147483647;
			files = (
				377AE7151D7DD39500522AA7 /* Dash.h in Headers */,
			);
			runOnlyForDeploymentPostprocessing = 0;
		};
/* End PBXHeadersBuildPhase section */

/* Begin PBXNativeTarget section */
		377AE7031D7DD39500522AA7 /* Dash */ = {
			isa = PBXNativeTarget;
			buildConfigurationList = 377AE7181D7DD39500522AA7 /* Build configuration list for PBXNativeTarget "Dash" */;
			buildPhases = (
				377AE6FF1D7DD39500522AA7 /* Sources */,
				377AE7001D7DD39500522AA7 /* Frameworks */,
				377AE7011D7DD39500522AA7 /* Headers */,
				377AE7021D7DD39500522AA7 /* Resources */,
			);
			buildRules = (
			);
			dependencies = (
			);
			name = Dash;
			productName = Dash;
			productReference = 377AE7041D7DD39500522AA7 /* Dash.framework */;
			productType = "com.apple.product-type.framework";
		};
		377AE70C1D7DD39500522AA7 /* DashTests */ = {
			isa = PBXNativeTarget;
			buildConfigurationList = 377AE71B1D7DD39500522AA7 /* Build configuration list for PBXNativeTarget "DashTests" */;
			buildPhases = (
				377AE7091D7DD39500522AA7 /* Sources */,
				377AE70A1D7DD39500522AA7 /* Frameworks */,
				377AE70B1D7DD39500522AA7 /* Resources */,
			);
			buildRules = (
			);
			dependencies = (
				377AE7101D7DD39500522AA7 /* PBXTargetDependency */,
			);
			name = DashTests;
			productName = DashTests;
			productReference = 377AE70D1D7DD39500522AA7 /* DashTests.xctest */;
			productType = "com.apple.product-type.bundle.unit-test";
		};
		37FFA1A91D7EB82B0076B082 /* DashExample */ = {
			isa = PBXNativeTarget;
			buildConfigurationList = 37FFA1B91D7EB82B0076B082 /* Build configuration list for PBXNativeTarget "DashExample" */;
			buildPhases = (
				37FFA1A61D7EB82B0076B082 /* Sources */,
				37FFA1A71D7EB82B0076B082 /* Frameworks */,
				37FFA1A81D7EB82B0076B082 /* Resources */,
			);
			buildRules = (
			);
			dependencies = (
				37FFA1C01D7EB92D0076B082 /* PBXTargetDependency */,
			);
			name = DashExample;
			productName = DashExample;
			productReference = 37FFA1AA1D7EB82B0076B082 /* DashExample.app */;
			productType = "com.apple.product-type.application";
		};
/* End PBXNativeTarget section */

/* Begin PBXProject section */
		377AE6FB1D7DD39500522AA7 /* Project object */ = {
			isa = PBXProject;
			attributes = {
				LastSwiftUpdateCheck = 0800;
				LastUpgradeCheck = 0800;
				ORGANIZATIONNAME = Dash;
				TargetAttributes = {
					377AE7031D7DD39500522AA7 = {
						CreatedOnToolsVersion = 8.0;
						DevelopmentTeam = 44Z29AP4K7;
						LastSwiftMigration = 0800;
						ProvisioningStyle = Automatic;
					};
					377AE70C1D7DD39500522AA7 = {
						CreatedOnToolsVersion = 8.0;
						DevelopmentTeam = 44Z29AP4K7;
						ProvisioningStyle = Automatic;
					};
					37FFA1A91D7EB82B0076B082 = {
						CreatedOnToolsVersion = 8.0;
						DevelopmentTeam = 44Z29AP4K7;
						ProvisioningStyle = Automatic;
					};
				};
			};
			buildConfigurationList = 377AE6FE1D7DD39500522AA7 /* Build configuration list for PBXProject "Dash" */;
			compatibilityVersion = "Xcode 3.2";
			developmentRegion = English;
			hasScannedForEncodings = 0;
			knownRegions = (
				en,
				Base,
			);
			mainGroup = 377AE6FA1D7DD39500522AA7;
			productRefGroup = 377AE7051D7DD39500522AA7 /* Products */;
			projectDirPath = "";
			projectRoot = "";
			targets = (
				377AE7031D7DD39500522AA7 /* Dash */,
				377AE70C1D7DD39500522AA7 /* DashTests */,
				37FFA1A91D7EB82B0076B082 /* DashExample */,
			);
		};
/* End PBXProject section */

/* Begin PBXResourcesBuildPhase section */
		377AE7021D7DD39500522AA7 /* Resources */ = {
			isa = PBXResourcesBuildPhase;
			buildActionMask = 2147483647;
			files = (
				373F34DB1D80286600A4E9EA /* Icons.xcassets in Resources */,
				3718D6E81D7EC5B800DC0041 /* Articles.plist in Resources */,
			);
			runOnlyForDeploymentPostprocessing = 0;
		};
		377AE70B1D7DD39500522AA7 /* Resources */ = {
			isa = PBXResourcesBuildPhase;
			buildActionMask = 2147483647;
			files = (
			);
			runOnlyForDeploymentPostprocessing = 0;
		};
		37FFA1A81D7EB82B0076B082 /* Resources */ = {
			isa = PBXResourcesBuildPhase;
			buildActionMask = 2147483647;
			files = (
				37FFA1B71D7EB82B0076B082 /* LaunchScreen.storyboard in Resources */,
				37FFA1B41D7EB82B0076B082 /* Assets.xcassets in Resources */,
				37FFA1B21D7EB82B0076B082 /* Main.storyboard in Resources */,
				3718D6F11D7EC7D300DC0041 /* Articles.plist in Resources */,
			);
			runOnlyForDeploymentPostprocessing = 0;
		};
/* End PBXResourcesBuildPhase section */

/* Begin PBXSourcesBuildPhase section */
		377AE6FF1D7DD39500522AA7 /* Sources */ = {
			isa = PBXSourcesBuildPhase;
			buildActionMask = 2147483647;
			files = (
				37BF46411D81542A00AE35DD /* PlayerState.swift in Sources */,
				37BF46481D81713C00AE35DD /* Analytics.swift in Sources */,
				3718D6F51D7EF40600DC0041 /* Dash.swift in Sources */,
				37BF46431D81545A00AE35DD /* PlayerTheme.swift in Sources */,
				376737161D7F17FD003C26A8 /* PlayerView.swift in Sources */,
				37BF463D1D8153DE00AE35DD /* Player.swift in Sources */,
				376737181D7F1829003C26A8 /* PlayerViewLayout.swift in Sources */,
				37BF463F1D81540500AE35DD /* PlayerEngine.swift in Sources */,
			);
			runOnlyForDeploymentPostprocessing = 0;
		};
		377AE7091D7DD39500522AA7 /* Sources */ = {
			isa = PBXSourcesBuildPhase;
			buildActionMask = 2147483647;
			files = (
				37BF46491D81719600AE35DD /* PlayerThemeTests.swift in Sources */,
				377AE7131D7DD39500522AA7 /* DashTests.swift in Sources */,
			);
			runOnlyForDeploymentPostprocessing = 0;
		};
		37FFA1A61D7EB82B0076B082 /* Sources */ = {
			isa = PBXSourcesBuildPhase;
			buildActionMask = 2147483647;
			files = (
				37BF46521D8180C900AE35DD /* ArticleDetailView.swift in Sources */,
				37FFA1AD1D7EB82B0076B082 /* AppDelegate.swift in Sources */,
				37BF46511D8180C500AE35DD /* OptionsListView.swift in Sources */,
				37BF46531D8180CC00AE35DD /* ArticleListView.swift in Sources */,
				37BF46541D8180D000AE35DD /* Article.swift in Sources */,
			);
			runOnlyForDeploymentPostprocessing = 0;
		};
/* End PBXSourcesBuildPhase section */

/* Begin PBXTargetDependency section */
		377AE7101D7DD39500522AA7 /* PBXTargetDependency */ = {
			isa = PBXTargetDependency;
			target = 377AE7031D7DD39500522AA7 /* Dash */;
			targetProxy = 377AE70F1D7DD39500522AA7 /* PBXContainerItemProxy */;
		};
		37FFA1C01D7EB92D0076B082 /* PBXTargetDependency */ = {
			isa = PBXTargetDependency;
			target = 377AE7031D7DD39500522AA7 /* Dash */;
			targetProxy = 37FFA1BF1D7EB92D0076B082 /* PBXContainerItemProxy */;
		};
/* End PBXTargetDependency section */

/* Begin PBXVariantGroup section */
		37FFA1B01D7EB82B0076B082 /* Main.storyboard */ = {
			isa = PBXVariantGroup;
			children = (
				37FFA1B11D7EB82B0076B082 /* Base */,
			);
			name = Main.storyboard;
			sourceTree = "<group>";
		};
		37FFA1B51D7EB82B0076B082 /* LaunchScreen.storyboard */ = {
			isa = PBXVariantGroup;
			children = (
				37FFA1B61D7EB82B0076B082 /* Base */,
			);
			name = LaunchScreen.storyboard;
			sourceTree = "<group>";
		};
/* End PBXVariantGroup section */

/* Begin XCBuildConfiguration section */
		377AE7161D7DD39500522AA7 /* Debug */ = {
			isa = XCBuildConfiguration;
			buildSettings = {
				ALWAYS_SEARCH_USER_PATHS = NO;
				CLANG_ANALYZER_NONNULL = YES;
				CLANG_CXX_LANGUAGE_STANDARD = "gnu++0x";
				CLANG_CXX_LIBRARY = "libc++";
				CLANG_ENABLE_MODULES = YES;
				CLANG_ENABLE_OBJC_ARC = YES;
				CLANG_WARN_BOOL_CONVERSION = YES;
				CLANG_WARN_CONSTANT_CONVERSION = YES;
				CLANG_WARN_DIRECT_OBJC_ISA_USAGE = YES_ERROR;
				CLANG_WARN_DOCUMENTATION_COMMENTS = YES;
				CLANG_WARN_EMPTY_BODY = YES;
				CLANG_WARN_ENUM_CONVERSION = YES;
				CLANG_WARN_INFINITE_RECURSION = YES;
				CLANG_WARN_INT_CONVERSION = YES;
				CLANG_WARN_OBJC_ROOT_CLASS = YES_ERROR;
				CLANG_WARN_SUSPICIOUS_MOVES = YES;
				CLANG_WARN_UNREACHABLE_CODE = YES;
				CLANG_WARN__DUPLICATE_METHOD_MATCH = YES;
				"CODE_SIGN_IDENTITY[sdk=iphoneos*]" = "iPhone Developer";
				COPY_PHASE_STRIP = NO;
				CURRENT_PROJECT_VERSION = 1;
				DEBUG_INFORMATION_FORMAT = dwarf;
				ENABLE_STRICT_OBJC_MSGSEND = YES;
				ENABLE_TESTABILITY = YES;
				GCC_C_LANGUAGE_STANDARD = gnu99;
				GCC_DYNAMIC_NO_PIC = NO;
				GCC_NO_COMMON_BLOCKS = YES;
				GCC_OPTIMIZATION_LEVEL = 0;
				GCC_PREPROCESSOR_DEFINITIONS = (
					"DEBUG=1",
					"$(inherited)",
				);
				GCC_WARN_64_TO_32_BIT_CONVERSION = YES;
				GCC_WARN_ABOUT_RETURN_TYPE = YES_ERROR;
				GCC_WARN_UNDECLARED_SELECTOR = YES;
				GCC_WARN_UNINITIALIZED_AUTOS = YES_AGGRESSIVE;
				GCC_WARN_UNUSED_FUNCTION = YES;
				GCC_WARN_UNUSED_VARIABLE = YES;
				IPHONEOS_DEPLOYMENT_TARGET = 10.0;
				MTL_ENABLE_DEBUG_INFO = YES;
				ONLY_ACTIVE_ARCH = YES;
				SDKROOT = iphoneos;
				SWIFT_ACTIVE_COMPILATION_CONDITIONS = DEBUG;
				SWIFT_OPTIMIZATION_LEVEL = "-Onone";
				TARGETED_DEVICE_FAMILY = "1,2";
				VERSIONING_SYSTEM = "apple-generic";
				VERSION_INFO_PREFIX = "";
			};
			name = Debug;
		};
		377AE7171D7DD39500522AA7 /* Release */ = {
			isa = XCBuildConfiguration;
			buildSettings = {
				ALWAYS_SEARCH_USER_PATHS = NO;
				CLANG_ANALYZER_NONNULL = YES;
				CLANG_CXX_LANGUAGE_STANDARD = "gnu++0x";
				CLANG_CXX_LIBRARY = "libc++";
				CLANG_ENABLE_MODULES = YES;
				CLANG_ENABLE_OBJC_ARC = YES;
				CLANG_WARN_BOOL_CONVERSION = YES;
				CLANG_WARN_CONSTANT_CONVERSION = YES;
				CLANG_WARN_DIRECT_OBJC_ISA_USAGE = YES_ERROR;
				CLANG_WARN_DOCUMENTATION_COMMENTS = YES;
				CLANG_WARN_EMPTY_BODY = YES;
				CLANG_WARN_ENUM_CONVERSION = YES;
				CLANG_WARN_INFINITE_RECURSION = YES;
				CLANG_WARN_INT_CONVERSION = YES;
				CLANG_WARN_OBJC_ROOT_CLASS = YES_ERROR;
				CLANG_WARN_SUSPICIOUS_MOVES = YES;
				CLANG_WARN_UNREACHABLE_CODE = YES;
				CLANG_WARN__DUPLICATE_METHOD_MATCH = YES;
				"CODE_SIGN_IDENTITY[sdk=iphoneos*]" = "iPhone Developer";
				COPY_PHASE_STRIP = NO;
				CURRENT_PROJECT_VERSION = 1;
				DEBUG_INFORMATION_FORMAT = "dwarf-with-dsym";
				ENABLE_NS_ASSERTIONS = NO;
				ENABLE_STRICT_OBJC_MSGSEND = YES;
				GCC_C_LANGUAGE_STANDARD = gnu99;
				GCC_NO_COMMON_BLOCKS = YES;
				GCC_WARN_64_TO_32_BIT_CONVERSION = YES;
				GCC_WARN_ABOUT_RETURN_TYPE = YES_ERROR;
				GCC_WARN_UNDECLARED_SELECTOR = YES;
				GCC_WARN_UNINITIALIZED_AUTOS = YES_AGGRESSIVE;
				GCC_WARN_UNUSED_FUNCTION = YES;
				GCC_WARN_UNUSED_VARIABLE = YES;
				IPHONEOS_DEPLOYMENT_TARGET = 10.0;
				MTL_ENABLE_DEBUG_INFO = NO;
				SDKROOT = iphoneos;
				SWIFT_OPTIMIZATION_LEVEL = "-Owholemodule";
				TARGETED_DEVICE_FAMILY = "1,2";
				VALIDATE_PRODUCT = YES;
				VERSIONING_SYSTEM = "apple-generic";
				VERSION_INFO_PREFIX = "";
			};
			name = Release;
		};
		377AE7191D7DD39500522AA7 /* Debug */ = {
			isa = XCBuildConfiguration;
			buildSettings = {
				CLANG_ENABLE_MODULES = YES;
				CODE_SIGN_IDENTITY = "";
				DEFINES_MODULE = YES;
				DEVELOPMENT_TEAM = 44Z29AP4K7;
				DYLIB_COMPATIBILITY_VERSION = 1;
				DYLIB_CURRENT_VERSION = 1;
				DYLIB_INSTALL_NAME_BASE = "@rpath";
				INFOPLIST_FILE = Source/Info.plist;
				INSTALL_PATH = "$(LOCAL_LIBRARY_DIR)/Frameworks";
				LD_RUNPATH_SEARCH_PATHS = "$(inherited) @executable_path/Frameworks @loader_path/Frameworks";
				PRODUCT_BUNDLE_IDENTIFIER = co.dashaudio.Dash;
				PRODUCT_NAME = "$(TARGET_NAME)";
				SKIP_INSTALL = YES;
				SWIFT_OPTIMIZATION_LEVEL = "-Onone";
				SWIFT_VERSION = 3.0;
			};
			name = Debug;
		};
		377AE71A1D7DD39500522AA7 /* Release */ = {
			isa = XCBuildConfiguration;
			buildSettings = {
				CLANG_ENABLE_MODULES = YES;
				CODE_SIGN_IDENTITY = "";
				DEFINES_MODULE = YES;
				DEVELOPMENT_TEAM = 44Z29AP4K7;
				DYLIB_COMPATIBILITY_VERSION = 1;
				DYLIB_CURRENT_VERSION = 1;
				DYLIB_INSTALL_NAME_BASE = "@rpath";
				INFOPLIST_FILE = Source/Info.plist;
				INSTALL_PATH = "$(LOCAL_LIBRARY_DIR)/Frameworks";
				LD_RUNPATH_SEARCH_PATHS = "$(inherited) @executable_path/Frameworks @loader_path/Frameworks";
				PRODUCT_BUNDLE_IDENTIFIER = co.dashaudio.Dash;
				PRODUCT_NAME = "$(TARGET_NAME)";
				SKIP_INSTALL = YES;
				SWIFT_VERSION = 3.0;
			};
			name = Release;
		};
		377AE71C1D7DD39500522AA7 /* Debug */ = {
			isa = XCBuildConfiguration;
			buildSettings = {
				ALWAYS_EMBED_SWIFT_STANDARD_LIBRARIES = YES;
				DEVELOPMENT_TEAM = 44Z29AP4K7;
				INFOPLIST_FILE = Tests/Info.plist;
				LD_RUNPATH_SEARCH_PATHS = "$(inherited) @executable_path/Frameworks @loader_path/Frameworks";
				PRODUCT_BUNDLE_IDENTIFIER = co.dashaudio.DashTests;
				PRODUCT_NAME = "$(TARGET_NAME)";
				SWIFT_VERSION = 3.0;
			};
			name = Debug;
		};
		377AE71D1D7DD39500522AA7 /* Release */ = {
			isa = XCBuildConfiguration;
			buildSettings = {
				ALWAYS_EMBED_SWIFT_STANDARD_LIBRARIES = YES;
				DEVELOPMENT_TEAM = 44Z29AP4K7;
				INFOPLIST_FILE = Tests/Info.plist;
				LD_RUNPATH_SEARCH_PATHS = "$(inherited) @executable_path/Frameworks @loader_path/Frameworks";
				PRODUCT_BUNDLE_IDENTIFIER = co.dashaudio.DashTests;
				PRODUCT_NAME = "$(TARGET_NAME)";
				SWIFT_VERSION = 3.0;
			};
			name = Release;
		};
		37FFA1BA1D7EB82B0076B082 /* Debug */ = {
			isa = XCBuildConfiguration;
			buildSettings = {
				ASSETCATALOG_COMPILER_APPICON_NAME = AppIcon;
				DEVELOPMENT_TEAM = 44Z29AP4K7;
				INFOPLIST_FILE = Example/Info.plist;
				LD_RUNPATH_SEARCH_PATHS = "$(inherited) @executable_path/Frameworks";
				PRODUCT_BUNDLE_IDENTIFIER = co.dashaudio.DashExample;
				PRODUCT_NAME = "$(TARGET_NAME)";
				SWIFT_VERSION = 3.0;
			};
			name = Debug;
		};
		37FFA1BB1D7EB82B0076B082 /* Release */ = {
			isa = XCBuildConfiguration;
			buildSettings = {
				ASSETCATALOG_COMPILER_APPICON_NAME = AppIcon;
				DEVELOPMENT_TEAM = 44Z29AP4K7;
				INFOPLIST_FILE = Example/Info.plist;
				LD_RUNPATH_SEARCH_PATHS = "$(inherited) @executable_path/Frameworks";
				PRODUCT_BUNDLE_IDENTIFIER = co.dashaudio.DashExample;
				PRODUCT_NAME = "$(TARGET_NAME)";
				SWIFT_VERSION = 3.0;
			};
			name = Release;
		};
/* End XCBuildConfiguration section */

/* Begin XCConfigurationList section */
		377AE6FE1D7DD39500522AA7 /* Build configuration list for PBXProject "Dash" */ = {
			isa = XCConfigurationList;
			buildConfigurations = (
				377AE7161D7DD39500522AA7 /* Debug */,
				377AE7171D7DD39500522AA7 /* Release */,
			);
			defaultConfigurationIsVisible = 0;
			defaultConfigurationName = Release;
		};
		377AE7181D7DD39500522AA7 /* Build configuration list for PBXNativeTarget "Dash" */ = {
			isa = XCConfigurationList;
			buildConfigurations = (
				377AE7191D7DD39500522AA7 /* Debug */,
				377AE71A1D7DD39500522AA7 /* Release */,
			);
			defaultConfigurationIsVisible = 0;
			defaultConfigurationName = Release;
		};
		377AE71B1D7DD39500522AA7 /* Build configuration list for PBXNativeTarget "DashTests" */ = {
			isa = XCConfigurationList;
			buildConfigurations = (
				377AE71C1D7DD39500522AA7 /* Debug */,
				377AE71D1D7DD39500522AA7 /* Release */,
			);
			defaultConfigurationIsVisible = 0;
			defaultConfigurationName = Release;
		};
		37FFA1B91D7EB82B0076B082 /* Build configuration list for PBXNativeTarget "DashExample" */ = {
			isa = XCConfigurationList;
			buildConfigurations = (
				37FFA1BA1D7EB82B0076B082 /* Debug */,
				37FFA1BB1D7EB82B0076B082 /* Release */,
			);
			defaultConfigurationIsVisible = 0;
			defaultConfigurationName = Release;
		};
/* End XCConfigurationList section */
	};
	rootObject = 377AE6FB1D7DD39500522AA7 /* Project object */;
}
